
Microsoft Visual Studio Solution File, Format Version 12.00
# Visual Studio 15
VisualStudioVersion = 15.0.28307.102
MinimumVisualStudioVersion = 10.0.40219.1
Project("{FAE04EC0-301F-11D3-BF4B-00C04F79EFBC}") = "SignalRChat", "SignalRChat\SignalRChat.csproj", "{6BF1F397-ADC9-473C-8EC6-915C658994F5}"
EndProject
Global
	GlobalSection(SolutionConfigurationPlatforms) = preSolution
		Debug|Any CPU = Debug|Any CPU
		Release|Any CPU = Release|Any CPU
	EndGlobalSection
	GlobalSection(ProjectConfigurationPlatforms) = postSolution
		{6BF1F397-ADC9-473C-8EC6-915C658994F5}.Debug|Any CPU.ActiveCfg = Debug|Any CPU
		{6BF1F397-ADC9-473C-8EC6-915C658994F5}.Debug|Any CPU.Build.0 = Debug|Any CPU
		{6BF1F397-ADC9-473C-8EC6-915C658994F5}.Release|Any CPU.ActiveCfg = Release|Any CPU
		{6BF1F397-ADC9-473C-8EC6-915C658994F5}.Release|Any CPU.Build.0 = Release|Any CPU
	EndGlobalSection
	GlobalSection(SolutionProperties) = preSolution
		HideSolutionNode = FALSE
	EndGlobalSection
	GlobalSection(ExtensibilityGlobals) = postSolution
		SolutionGuid = {8D7176BD-6A8D-4D78-AEE3-F1A2A2463DDB}
	EndGlobalSection
EndGlobal
